
Microsoft Visual Studio Solution File, Format Version 12.00
# Visual Studio 2013
VisualStudioVersion = 12.0.31101.0
MinimumVisualStudioVersion = 10.0.40219.1
Project("{FAE04EC0-301F-11D3-BF4B-00C04F79EFBC}") = "Codentia.Common.Reporting", "src\app\Codentia.Common.Reporting.csproj", "{40318C9B-153D-44FF-B338-6475391F72C1}"
EndProject
Project("{FAE04EC0-301F-11D3-BF4B-00C04F79EFBC}") = "Codentia.Common.Reporting.Test", "src\test\Codentia.Common.Reporting.Test.csproj", "{00F60E21-F8B1-42C7-B8E2-0954DB5841A8}"
EndProject
Project("{00D1A9C2-B5F0-4AF3-8072-F6C62B433612}") = "Codentia.Common.Reporting.DB", "src\sql\Codentia.Common.Reporting.DB.sqlproj", "{C00C5E9F-24ED-4F22-A20D-AE5F5B58A23B}"
EndProject
Global
	GlobalSection(SolutionConfigurationPlatforms) = preSolution
		Debug|Any CPU = Debug|Any CPU
		Release|Any CPU = Release|Any CPU
	EndGlobalSection
	GlobalSection(ProjectConfigurationPlatforms) = postSolution
		{40318C9B-153D-44FF-B338-6475391F72C1}.Debug|Any CPU.ActiveCfg = Debug|Any CPU
		{40318C9B-153D-44FF-B338-6475391F72C1}.Debug|Any CPU.Build.0 = Debug|Any CPU
		{40318C9B-153D-44FF-B338-6475391F72C1}.Release|Any CPU.ActiveCfg = Release|Any CPU
		{40318C9B-153D-44FF-B338-6475391F72C1}.Release|Any CPU.Build.0 = Release|Any CPU
		{00F60E21-F8B1-42C7-B8E2-0954DB5841A8}.Debug|Any CPU.ActiveCfg = Debug|Any CPU
		{00F60E21-F8B1-42C7-B8E2-0954DB5841A8}.Debug|Any CPU.Build.0 = Debug|Any CPU
		{00F60E21-F8B1-42C7-B8E2-0954DB5841A8}.Release|Any CPU.ActiveCfg = Release|Any CPU
		{00F60E21-F8B1-42C7-B8E2-0954DB5841A8}.Release|Any CPU.Build.0 = Release|Any CPU
		{C00C5E9F-24ED-4F22-A20D-AE5F5B58A23B}.Debug|Any CPU.ActiveCfg = Debug|Any CPU
		{C00C5E9F-24ED-4F22-A20D-AE5F5B58A23B}.Debug|Any CPU.Build.0 = Debug|Any CPU
		{C00C5E9F-24ED-4F22-A20D-AE5F5B58A23B}.Debug|Any CPU.Deploy.0 = Debug|Any CPU
		{C00C5E9F-24ED-4F22-A20D-AE5F5B58A23B}.Release|Any CPU.ActiveCfg = Release|Any CPU
		{C00C5E9F-24ED-4F22-A20D-AE5F5B58A23B}.Release|Any CPU.Build.0 = Release|Any CPU
		{C00C5E9F-24ED-4F22-A20D-AE5F5B58A23B}.Release|Any CPU.Deploy.0 = Release|Any CPU
	EndGlobalSection
	GlobalSection(SolutionProperties) = preSolution
		HideSolutionNode = FALSE
	EndGlobalSection
EndGlobal
